
Microsoft Visual Studio Solution File, Format Version 11.00
# Visual Studio 2010
Project("{FAE04EC0-301F-11D3-BF4B-00C04F79EFBC}") = "LeduInfo", "LeduInfo\LeduInfo.csproj", "{A1D9643F-E43B-4CE4-9372-69BCC5E2771C}"
EndProject
Project("{FAE04EC0-301F-11D3-BF4B-00C04F79EFBC}") = "LeduInfo.Tests", "LeduInfo.Tests\LeduInfo.Tests.csproj", "{56B6A2BB-85E9-4718-A145-72019A3CECD7}"
EndProject
Project("{2150E333-8FDC-42A3-9474-1A3956D46DE8}") = ".nuget", ".nuget", "{88AA0993-1130-4973-B111-16A01719CFEE}"
	ProjectSection(SolutionItems) = preProject
		.nuget\packages.config = .nuget\packages.config
	EndProjectSection
EndProject
Global
	GlobalSection(SolutionConfigurationPlatforms) = preSolution
		Debug|Any CPU = Debug|Any CPU
		Release|Any CPU = Release|Any CPU
	EndGlobalSection
	GlobalSection(ProjectConfigurationPlatforms) = postSolution
		{A1D9643F-E43B-4CE4-9372-69BCC5E2771C}.Debug|Any CPU.ActiveCfg = Debug|Any CPU
		{A1D9643F-E43B-4CE4-9372-69BCC5E2771C}.Debug|Any CPU.Build.0 = Debug|Any CPU
		{A1D9643F-E43B-4CE4-9372-69BCC5E2771C}.Release|Any CPU.ActiveCfg = Release|Any CPU
		{A1D9643F-E43B-4CE4-9372-69BCC5E2771C}.Release|Any CPU.Build.0 = Release|Any CPU
		{56B6A2BB-85E9-4718-A145-72019A3CECD7}.Debug|Any CPU.ActiveCfg = Debug|Any CPU
		{56B6A2BB-85E9-4718-A145-72019A3CECD7}.Debug|Any CPU.Build.0 = Debug|Any CPU
		{56B6A2BB-85E9-4718-A145-72019A3CECD7}.Release|Any CPU.ActiveCfg = Release|Any CPU
		{56B6A2BB-85E9-4718-A145-72019A3CECD7}.Release|Any CPU.Build.0 = Release|Any CPU
	EndGlobalSection
	GlobalSection(SolutionProperties) = preSolution
		HideSolutionNode = FALSE
	EndGlobalSection
EndGlobal
